// !$*UTF8*$!
{
	archiveVersion = 1;
	classes = {
	};
	objectVersion = 46;
	objects = {

/* Begin PBXBuildFile section */
		E92302EE199D9EF50054FC86 /* DWZImageHandle.m in Sources */ = {isa = PBXBuildFile; fileRef = E92302ED199D9EF50054FC86 /* DWZImageHandle.m */; };
		E9B65F5519066BD30040DD08 /* libTencentOpenAPI.a in Frameworks */ = {isa = PBXBuildFile; fileRef = E9B65F4A19066BD30040DD08 /* libTencentOpenAPI.a */; };
		E9E031471985F64B0017AEE2 /* DWZCustomShareObject.m in Sources */ = {isa = PBXBuildFile; fileRef = E9E031461985F64B0017AEE2 /* DWZCustomShareObject.m */; };
		E9F55A3018FFBE3500A5E0E4 /* Foundation.framework in Frameworks */ = {isa = PBXBuildFile; fileRef = E9F55A2F18FFBE3500A5E0E4 /* Foundation.framework */; };
		E9F55A3218FFBE3500A5E0E4 /* CoreGraphics.framework in Frameworks */ = {isa = PBXBuildFile; fileRef = E9F55A3118FFBE3500A5E0E4 /* CoreGraphics.framework */; };
		E9F55A3418FFBE3500A5E0E4 /* UIKit.framework in Frameworks */ = {isa = PBXBuildFile; fileRef = E9F55A3318FFBE3500A5E0E4 /* UIKit.framework */; };
		E9F55A3A18FFBE3500A5E0E4 /* InfoPlist.strings in Resources */ = {isa = PBXBuildFile; fileRef = E9F55A3818FFBE3500A5E0E4 /* InfoPlist.strings */; };
		E9F55A3C18FFBE3500A5E0E4 /* main.M in Sources */ = {isa = PBXBuildFile; fileRef = E9F55A3B18FFBE3500A5E0E4 /* main.M */; };
		E9F55A4018FFBE3500A5E0E4 /* DWZAppDelegate.m in Sources */ = {isa = PBXBuildFile; fileRef = E9F55A3F18FFBE3500A5E0E4 /* DWZAppDelegate.m */; };
		E9F55A4318FFBE3500A5E0E4 /* Main.storyboard in Resources */ = {isa = PBXBuildFile; fileRef = E9F55A4118FFBE3500A5E0E4 /* Main.storyboard */; };
		E9F55A4618FFBE3500A5E0E4 /* DWZViewController.m in Sources */ = {isa = PBXBuildFile; fileRef = E9F55A4518FFBE3500A5E0E4 /* DWZViewController.m */; };
		E9F55A4818FFBE3500A5E0E4 /* Images.xcassets in Resources */ = {isa = PBXBuildFile; fileRef = E9F55A4718FFBE3500A5E0E4 /* Images.xcassets */; };
		E9F55A4F18FFBE3500A5E0E4 /* XCTest.framework in Frameworks */ = {isa = PBXBuildFile; fileRef = E9F55A4E18FFBE3500A5E0E4 /* XCTest.framework */; };
		E9F55A5018FFBE3500A5E0E4 /* Foundation.framework in Frameworks */ = {isa = PBXBuildFile; fileRef = E9F55A2F18FFBE3500A5E0E4 /* Foundation.framework */; };
		E9F55A5118FFBE3500A5E0E4 /* UIKit.framework in Frameworks */ = {isa = PBXBuildFile; fileRef = E9F55A3318FFBE3500A5E0E4 /* UIKit.framework */; };
		E9F55A5918FFBE3500A5E0E4 /* InfoPlist.strings in Resources */ = {isa = PBXBuildFile; fileRef = E9F55A5718FFBE3500A5E0E4 /* InfoPlist.strings */; };
		E9F55A5B18FFBE3500A5E0E4 /* DWZShareSDKDemoTests.m in Sources */ = {isa = PBXBuildFile; fileRef = E9F55A5A18FFBE3500A5E0E4 /* DWZShareSDKDemoTests.m */; };
		E9F55A7418FFBF5300A5E0E4 /* TencentOpenApi_IOS_Bundle.bundle in Resources */ = {isa = PBXBuildFile; fileRef = E9F55A6718FFBF5300A5E0E4 /* TencentOpenApi_IOS_Bundle.bundle */; };
		E9F55A7618FFBF5300A5E0E4 /* WeiboSDK.bundle in Resources */ = {isa = PBXBuildFile; fileRef = E9F55A6A18FFBF5300A5E0E4 /* WeiboSDK.bundle */; };
		E9F55A7818FFBF5300A5E0E4 /* libWeChatSDK.a in Frameworks */ = {isa = PBXBuildFile; fileRef = E9F55A7018FFBF5300A5E0E4 /* libWeChatSDK.a */; };
		E9F55A7B18FFBF8600A5E0E4 /* DWZShareKit.m in Sources */ = {isa = PBXBuildFile; fileRef = E9F55A7A18FFBF8600A5E0E4 /* DWZShareKit.m */; };
		E9F55A7F19010FAB00A5E0E4 /* DWZShareViewController.m in Sources */ = {isa = PBXBuildFile; fileRef = E9F55A7E19010FAB00A5E0E4 /* DWZShareViewController.m */; };
		E9F55AC219022B3C00A5E0E4 /* libWeiboSDK.a in Frameworks */ = {isa = PBXBuildFile; fileRef = E9F55AC119022B3C00A5E0E4 /* libWeiboSDK.a */; };
		E9F55AC41902601E00A5E0E4 /* libsqlite3.dylib in Frameworks */ = {isa = PBXBuildFile; fileRef = E9F55AC31902601E00A5E0E4 /* libsqlite3.dylib */; };
		E9F55AC61902603100A5E0E4 /* libz.dylib in Frameworks */ = {isa = PBXBuildFile; fileRef = E9F55AC51902603100A5E0E4 /* libz.dylib */; };
		E9F55AC81902604600A5E0E4 /* CoreTelephony.framework in Frameworks */ = {isa = PBXBuildFile; fileRef = E9F55AC71902604600A5E0E4 /* CoreTelephony.framework */; };
		E9F55ACA1902609600A5E0E4 /* SystemConfiguration.framework in Frameworks */ = {isa = PBXBuildFile; fileRef = E9F55AC91902609600A5E0E4 /* SystemConfiguration.framework */; };
		E9F55B351905199000A5E0E4 /* DWZSocialView.m in Sources */ = {isa = PBXBuildFile; fileRef = E9F55B341905199000A5E0E4 /* DWZSocialView.m */; };
		E9F55B3719051E8C00A5E0E4 /* Media.xcassets in Resources */ = {isa = PBXBuildFile; fileRef = E9F55B3619051E8C00A5E0E4 /* Media.xcassets */; };
		E9F55B3F19060AF300A5E0E4 /* DWZShareContent.m in Sources */ = {isa = PBXBuildFile; fileRef = E9F55B3E19060AF300A5E0E4 /* DWZShareContent.m */; };
/* End PBXBuildFile section */

/* Begin PBXContainerItemProxy section */
		E9F55A5218FFBE3500A5E0E4 /* PBXContainerItemProxy */ = {
			isa = PBXContainerItemProxy;
			containerPortal = E9F55A2418FFBE3500A5E0E4 /* Project object */;
			proxyType = 1;
			remoteGlobalIDString = E9F55A2B18FFBE3500A5E0E4;
			remoteInfo = DWZShareSDKDemo;
		};
/* End PBXContainerItemProxy section */

/* Begin PBXFileReference section */
		E92302EC199D9EF50054FC86 /* DWZImageHandle.h */ = {isa = PBXFileReference; fileEncoding = 4; lastKnownFileType = sourcecode.c.h; name = DWZImageHandle.h; path = Core/DWZImageHandle.h; sourceTree = "<group>"; };
		E92302ED199D9EF50054FC86 /* DWZImageHandle.m */ = {isa = PBXFileReference; fileEncoding = 4; lastKnownFileType = sourcecode.c.objc; name = DWZImageHandle.m; path = Core/DWZImageHandle.m; sourceTree = "<group>"; };
		E9B65F4A19066BD30040DD08 /* libTencentOpenAPI.a */ = {isa = PBXFileReference; lastKnownFileType = archive.ar; path = libTencentOpenAPI.a; sourceTree = "<group>"; };
		E9B65F4B19066BD30040DD08 /* QQApi.h */ = {isa = PBXFileReference; fileEncoding = 4; lastKnownFileType = sourcecode.c.h; path = QQApi.h; sourceTree = "<group>"; };
		E9B65F4C19066BD30040DD08 /* QQApiInterface.h */ = {isa = PBXFileReference; fileEncoding = 4; lastKnownFileType = sourcecode.c.h; path = QQApiInterface.h; sourceTree = "<group>"; };
		E9B65F4D19066BD30040DD08 /* QQApiInterfaceObject.h */ = {isa = PBXFileReference; fileEncoding = 4; lastKnownFileType = sourcecode.c.h; path = QQApiInterfaceObject.h; sourceTree = "<group>"; };
		E9B65F4E19066BD30040DD08 /* sdkdef.h */ = {isa = PBXFileReference; fileEncoding = 4; lastKnownFileType = sourcecode.c.h; path = sdkdef.h; sourceTree = "<group>"; };
		E9B65F4F19066BD30040DD08 /* TencentApiInterface.h */ = {isa = PBXFileReference; fileEncoding = 4; lastKnownFileType = sourcecode.c.h; path = TencentApiInterface.h; sourceTree = "<group>"; };
		E9B65F5019066BD30040DD08 /* TencentMessageObject.h */ = {isa = PBXFileReference; fileEncoding = 4; lastKnownFileType = sourcecode.c.h; path = TencentMessageObject.h; sourceTree = "<group>"; };
		E9B65F5119066BD30040DD08 /* TencentOAuth.h */ = {isa = PBXFileReference; fileEncoding = 4; lastKnownFileType = sourcecode.c.h; path = TencentOAuth.h; sourceTree = "<group>"; };
		E9B65F5219066BD30040DD08 /* TencentOAuthObject.h */ = {isa = PBXFileReference; fileEncoding = 4; lastKnownFileType = sourcecode.c.h; path = TencentOAuthObject.h; sourceTree = "<group>"; };
		E9B65F5319066BD30040DD08 /* QQWeiBoAPI.h */ = {isa = PBXFileReference; fileEncoding = 4; lastKnownFileType = sourcecode.c.h; path = QQWeiBoAPI.h; sourceTree = "<group>"; };
		E9B65F5419066BD30040DD08 /* WeiyunAPI.h */ = {isa = PBXFileReference; fileEncoding = 4; lastKnownFileType = sourcecode.c.h; path = WeiyunAPI.h; sourceTree = "<group>"; };
		E9E031451985F64B0017AEE2 /* DWZCustomShareObject.h */ = {isa = PBXFileReference; fileEncoding = 4; lastKnownFileType = sourcecode.c.h; name = DWZCustomShareObject.h; path = Core/DWZCustomShareObject.h; sourceTree = "<group>"; };
		E9E031461985F64B0017AEE2 /* DWZCustomShareObject.m */ = {isa = PBXFileReference; fileEncoding = 4; lastKnownFileType = sourcecode.c.objc; name = DWZCustomShareObject.m; path = Core/DWZCustomShareObject.m; sourceTree = "<group>"; };
		E9F55A2C18FFBE3500A5E0E4 /* DWZShareSDKDemo.app */ = {isa = PBXFileReference; explicitFileType = wrapper.application; includeInIndex = 0; path = DWZShareSDKDemo.app; sourceTree = BUILT_PRODUCTS_DIR; };
		E9F55A2F18FFBE3500A5E0E4 /* Foundation.framework */ = {isa = PBXFileReference; lastKnownFileType = wrapper.framework; name = Foundation.framework; path = System/Library/Frameworks/Foundation.framework; sourceTree = SDKROOT; };
		E9F55A3118FFBE3500A5E0E4 /* CoreGraphics.framework */ = {isa = PBXFileReference; lastKnownFileType = wrapper.framework; name = CoreGraphics.framework; path = System/Library/Frameworks/CoreGraphics.framework; sourceTree = SDKROOT; };
		E9F55A3318FFBE3500A5E0E4 /* UIKit.framework */ = {isa = PBXFileReference; lastKnownFileType = wrapper.framework; name = UIKit.framework; path = System/Library/Frameworks/UIKit.framework; sourceTree = SDKROOT; };
		E9F55A3718FFBE3500A5E0E4 /* DWZShareSDKDemo-Info.plist */ = {isa = PBXFileReference; lastKnownFileType = text.plist.xml; path = "DWZShareSDKDemo-Info.plist"; sourceTree = "<group>"; };
		E9F55A3918FFBE3500A5E0E4 /* en */ = {isa = PBXFileReference; lastKnownFileType = text.plist.strings; name = en; path = en.lproj/InfoPlist.strings; sourceTree = "<group>"; };
		E9F55A3B18FFBE3500A5E0E4 /* main.M */ = {isa = PBXFileReference; lastKnownFileType = sourcecode.cpp.objcpp; path = main.M; sourceTree = "<group>"; };
		E9F55A3D18FFBE3500A5E0E4 /* DWZShareSDKDemo-Prefix.pch */ = {isa = PBXFileReference; lastKnownFileType = sourcecode.c.h; path = "DWZShareSDKDemo-Prefix.pch"; sourceTree = "<group>"; };
		E9F55A3E18FFBE3500A5E0E4 /* DWZAppDelegate.h */ = {isa = PBXFileReference; lastKnownFileType = sourcecode.c.h; path = DWZAppDelegate.h; sourceTree = "<group>"; };
		E9F55A3F18FFBE3500A5E0E4 /* DWZAppDelegate.m */ = {isa = PBXFileReference; lastKnownFileType = sourcecode.c.objc; path = DWZAppDelegate.m; sourceTree = "<group>"; };
		E9F55A4218FFBE3500A5E0E4 /* Base */ = {isa = PBXFileReference; lastKnownFileType = file.storyboard; name = Base; path = Base.lproj/Main.storyboard; sourceTree = "<group>"; };
		E9F55A4418FFBE3500A5E0E4 /* DWZViewController.h */ = {isa = PBXFileReference; lastKnownFileType = sourcecode.c.h; path = DWZViewController.h; sourceTree = "<group>"; };
		E9F55A4518FFBE3500A5E0E4 /* DWZViewController.m */ = {isa = PBXFileReference; lastKnownFileType = sourcecode.c.objc; path = DWZViewController.m; sourceTree = "<group>"; };
		E9F55A4718FFBE3500A5E0E4 /* Images.xcassets */ = {isa = PBXFileReference; lastKnownFileType = folder.assetcatalog; path = Images.xcassets; sourceTree = "<group>"; };
		E9F55A4D18FFBE3500A5E0E4 /* DWZShareSDKDemoTests.xctest */ = {isa = PBXFileReference; explicitFileType = wrapper.cfbundle; includeInIndex = 0; path = DWZShareSDKDemoTests.xctest; sourceTree = BUILT_PRODUCTS_DIR; };
		E9F55A4E18FFBE3500A5E0E4 /* XCTest.framework */ = {isa = PBXFileReference; lastKnownFileType = wrapper.framework; name = XCTest.framework; path = Library/Frameworks/XCTest.framework; sourceTree = DEVELOPER_DIR; };
		E9F55A5618FFBE3500A5E0E4 /* DWZShareSDKDemoTests-Info.plist */ = {isa = PBXFileReference; lastKnownFileType = text.plist.xml; path = "DWZShareSDKDemoTests-Info.plist"; sourceTree = "<group>"; };
		E9F55A5818FFBE3500A5E0E4 /* en */ = {isa = PBXFileReference; lastKnownFileType = text.plist.strings; name = en; path = en.lproj/InfoPlist.strings; sourceTree = "<group>"; };
		E9F55A5A18FFBE3500A5E0E4 /* DWZShareSDKDemoTests.m */ = {isa = PBXFileReference; lastKnownFileType = sourcecode.c.objc; path = DWZShareSDKDemoTests.m; sourceTree = "<group>"; };
		E9F55A6718FFBF5300A5E0E4 /* TencentOpenApi_IOS_Bundle.bundle */ = {isa = PBXFileReference; lastKnownFileType = "wrapper.plug-in"; path = TencentOpenApi_IOS_Bundle.bundle; sourceTree = "<group>"; };
		E9F55A6A18FFBF5300A5E0E4 /* WeiboSDK.bundle */ = {isa = PBXFileReference; lastKnownFileType = "wrapper.plug-in"; path = WeiboSDK.bundle; sourceTree = "<group>"; };
		E9F55A6B18FFBF5300A5E0E4 /* WeiboSDK.h */ = {isa = PBXFileReference; fileEncoding = 4; lastKnownFileType = sourcecode.c.h; path = WeiboSDK.h; sourceTree = "<group>"; };
		E9F55A7018FFBF5300A5E0E4 /* libWeChatSDK.a */ = {isa = PBXFileReference; lastKnownFileType = archive.ar; path = libWeChatSDK.a; sourceTree = "<group>"; };
		E9F55A7118FFBF5300A5E0E4 /* WXApi.h */ = {isa = PBXFileReference; fileEncoding = 4; lastKnownFileType = sourcecode.c.h; path = WXApi.h; sourceTree = "<group>"; };
		E9F55A7218FFBF5300A5E0E4 /* WXApiObject.h */ = {isa = PBXFileReference; fileEncoding = 4; lastKnownFileType = sourcecode.c.h; path = WXApiObject.h; sourceTree = "<group>"; };
		E9F55A7918FFBF8600A5E0E4 /* DWZShareKit.h */ = {isa = PBXFileReference; fileEncoding = 4; lastKnownFileType = sourcecode.c.h; name = DWZShareKit.h; path = Core/DWZShareKit.h; sourceTree = "<group>"; };
		E9F55A7A18FFBF8600A5E0E4 /* DWZShareKit.m */ = {isa = PBXFileReference; fileEncoding = 4; lastKnownFileType = sourcecode.c.objc; name = DWZShareKit.m; path = Core/DWZShareKit.m; sourceTree = "<group>"; };
		E9F55A7D19010FAB00A5E0E4 /* DWZShareViewController.h */ = {isa = PBXFileReference; fileEncoding = 4; lastKnownFileType = sourcecode.c.h; name = DWZShareViewController.h; path = Core/DWZShareViewController.h; sourceTree = "<group>"; };
		E9F55A7E19010FAB00A5E0E4 /* DWZShareViewController.m */ = {isa = PBXFileReference; fileEncoding = 4; lastKnownFileType = sourcecode.c.objc; name = DWZShareViewController.m; path = Core/DWZShareViewController.m; sourceTree = "<group>"; };
		E9F55AC119022B3C00A5E0E4 /* libWeiboSDK.a */ = {isa = PBXFileReference; lastKnownFileType = archive.ar; path = libWeiboSDK.a; sourceTree = "<group>"; };
		E9F55AC31902601E00A5E0E4 /* libsqlite3.dylib */ = {isa = PBXFileReference; lastKnownFileType = "compiled.mach-o.dylib"; name = libsqlite3.dylib; path = usr/lib/libsqlite3.dylib; sourceTree = SDKROOT; };
		E9F55AC51902603100A5E0E4 /* libz.dylib */ = {isa = PBXFileReference; lastKnownFileType = "compiled.mach-o.dylib"; name = libz.dylib; path = usr/lib/libz.dylib; sourceTree = SDKROOT; };
		E9F55AC71902604600A5E0E4 /* CoreTelephony.framework */ = {isa = PBXFileReference; lastKnownFileType = wrapper.framework; name = CoreTelephony.framework; path = System/Library/Frameworks/CoreTelephony.framework; sourceTree = SDKROOT; };
		E9F55AC91902609600A5E0E4 /* SystemConfiguration.framework */ = {isa = PBXFileReference; lastKnownFileType = wrapper.framework; name = SystemConfiguration.framework; path = System/Library/Frameworks/SystemConfiguration.framework; sourceTree = SDKROOT; };
		E9F55B331905199000A5E0E4 /* DWZSocialView.h */ = {isa = PBXFileReference; fileEncoding = 4; lastKnownFileType = sourcecode.c.h; name = DWZSocialView.h; path = Core/DWZSocialView.h; sourceTree = "<group>"; };
		E9F55B341905199000A5E0E4 /* DWZSocialView.m */ = {isa = PBXFileReference; fileEncoding = 4; lastKnownFileType = sourcecode.c.objc; name = DWZSocialView.m; path = Core/DWZSocialView.m; sourceTree = "<group>"; };
		E9F55B3619051E8C00A5E0E4 /* Media.xcassets */ = {isa = PBXFileReference; lastKnownFileType = folder.assetcatalog; path = Media.xcassets; sourceTree = "<group>"; };
		E9F55B3C190605C200A5E0E4 /* DWZShareSDKTypeDef.h */ = {isa = PBXFileReference; fileEncoding = 4; lastKnownFileType = sourcecode.c.h; name = DWZShareSDKTypeDef.h; path = Core/DWZShareSDKTypeDef.h; sourceTree = "<group>"; };
		E9F55B3D19060AF300A5E0E4 /* DWZShareContent.h */ = {isa = PBXFileReference; fileEncoding = 4; lastKnownFileType = sourcecode.c.h; name = DWZShareContent.h; path = Core/DWZShareContent.h; sourceTree = "<group>"; };
		E9F55B3E19060AF300A5E0E4 /* DWZShareContent.m */ = {isa = PBXFileReference; fileEncoding = 4; lastKnownFileType = sourcecode.c.objc; name = DWZShareContent.m; path = Core/DWZShareContent.m; sourceTree = "<group>"; };
/* End PBXFileReference section */

/* Begin PBXFrameworksBuildPhase section */
		E9F55A2918FFBE3500A5E0E4 /* Frameworks */ = {
			isa = PBXFrameworksBuildPhase;
			buildActionMask = 2147483647;
			files = (
				E9F55ACA1902609600A5E0E4 /* SystemConfiguration.framework in Frameworks */,
				E9F55AC81902604600A5E0E4 /* CoreTelephony.framework in Frameworks */,
				E9B65F5519066BD30040DD08 /* libTencentOpenAPI.a in Frameworks */,
				E9F55AC61902603100A5E0E4 /* libz.dylib in Frameworks */,
				E9F55AC41902601E00A5E0E4 /* libsqlite3.dylib in Frameworks */,
				E9F55A7818FFBF5300A5E0E4 /* libWeChatSDK.a in Frameworks */,
				E9F55A3218FFBE3500A5E0E4 /* CoreGraphics.framework in Frameworks */,
				E9F55AC219022B3C00A5E0E4 /* libWeiboSDK.a in Frameworks */,
				E9F55A3418FFBE3500A5E0E4 /* UIKit.framework in Frameworks */,
				E9F55A3018FFBE3500A5E0E4 /* Foundation.framework in Frameworks */,
			);
			runOnlyForDeploymentPostprocessing = 0;
		};
		E9F55A4A18FFBE3500A5E0E4 /* Frameworks */ = {
			isa = PBXFrameworksBuildPhase;
			buildActionMask = 2147483647;
			files = (
				E9F55A4F18FFBE3500A5E0E4 /* XCTest.framework in Frameworks */,
				E9F55A5118FFBE3500A5E0E4 /* UIKit.framework in Frameworks */,
				E9F55A5018FFBE3500A5E0E4 /* Foundation.framework in Frameworks */,
			);
			runOnlyForDeploymentPostprocessing = 0;
		};
/* End PBXFrameworksBuildPhase section */

/* Begin PBXGroup section */
		E9F55A2318FFBE3500A5E0E4 = {
			isa = PBXGroup;
			children = (
				E9F55A3518FFBE3500A5E0E4 /* DWZShareSDKDemo */,
				E9F55A6418FFBF5300A5E0E4 /* Extend */,
				E9F55A5418FFBE3500A5E0E4 /* DWZShareSDKDemoTests */,
				E9F55A2E18FFBE3500A5E0E4 /* Frameworks */,
				E9F55A2D18FFBE3500A5E0E4 /* Products */,
			);
			sourceTree = "<group>";
		};
		E9F55A2D18FFBE3500A5E0E4 /* Products */ = {
			isa = PBXGroup;
			children = (
				E9F55A2C18FFBE3500A5E0E4 /* DWZShareSDKDemo.app */,
				E9F55A4D18FFBE3500A5E0E4 /* DWZShareSDKDemoTests.xctest */,
			);
			name = Products;
			sourceTree = "<group>";
		};
		E9F55A2E18FFBE3500A5E0E4 /* Frameworks */ = {
			isa = PBXGroup;
			children = (
				E9F55AC91902609600A5E0E4 /* SystemConfiguration.framework */,
				E9F55AC71902604600A5E0E4 /* CoreTelephony.framework */,
				E9F55AC51902603100A5E0E4 /* libz.dylib */,
				E9F55AC31902601E00A5E0E4 /* libsqlite3.dylib */,
				E9F55A2F18FFBE3500A5E0E4 /* Foundation.framework */,
				E9F55A3118FFBE3500A5E0E4 /* CoreGraphics.framework */,
				E9F55A3318FFBE3500A5E0E4 /* UIKit.framework */,
				E9F55A4E18FFBE3500A5E0E4 /* XCTest.framework */,
			);
			name = Frameworks;
			sourceTree = "<group>";
		};
		E9F55A3518FFBE3500A5E0E4 /* DWZShareSDKDemo */ = {
			isa = PBXGroup;
			children = (
				E9F55A3E18FFBE3500A5E0E4 /* DWZAppDelegate.h */,
				E9F55A3F18FFBE3500A5E0E4 /* DWZAppDelegate.m */,
				E9F55A4118FFBE3500A5E0E4 /* Main.storyboard */,
				E9F55A4418FFBE3500A5E0E4 /* DWZViewController.h */,
				E9F55A4518FFBE3500A5E0E4 /* DWZViewController.m */,
				E9F55A7C18FFBF8C00A5E0E4 /* Core */,
				E9F55A4718FFBE3500A5E0E4 /* Images.xcassets */,
				E9F55B3619051E8C00A5E0E4 /* Media.xcassets */,
				E9F55A3618FFBE3500A5E0E4 /* Supporting Files */,
			);
			path = DWZShareSDKDemo;
			sourceTree = "<group>";
		};
		E9F55A3618FFBE3500A5E0E4 /* Supporting Files */ = {
			isa = PBXGroup;
			children = (
				E9F55A3718FFBE3500A5E0E4 /* DWZShareSDKDemo-Info.plist */,
				E9F55A3818FFBE3500A5E0E4 /* InfoPlist.strings */,
				E9F55A3B18FFBE3500A5E0E4 /* main.M */,
				E9F55A3D18FFBE3500A5E0E4 /* DWZShareSDKDemo-Prefix.pch */,
			);
			name = "Supporting Files";
			sourceTree = "<group>";
		};
		E9F55A5418FFBE3500A5E0E4 /* DWZShareSDKDemoTests */ = {
			isa = PBXGroup;
			children = (
				E9F55A5A18FFBE3500A5E0E4 /* DWZShareSDKDemoTests.m */,
				E9F55A5518FFBE3500A5E0E4 /* Supporting Files */,
			);
			path = DWZShareSDKDemoTests;
			sourceTree = "<group>";
		};
		E9F55A5518FFBE3500A5E0E4 /* Supporting Files */ = {
			isa = PBXGroup;
			children = (
				E9F55A5618FFBE3500A5E0E4 /* DWZShareSDKDemoTests-Info.plist */,
				E9F55A5718FFBE3500A5E0E4 /* InfoPlist.strings */,
			);
			name = "Supporting Files";
			sourceTree = "<group>";
		};
		E9F55A6418FFBF5300A5E0E4 /* Extend */ = {
			isa = PBXGroup;
			children = (
				E9F55A6518FFBF5300A5E0E4 /* QQConnectSDK */,
				E9F55A6818FFBF5300A5E0E4 /* SinaWeiboSDK */,
				E9F55A6F18FFBF5300A5E0E4 /* WeChatSDK */,
			);
			name = Extend;
			path = DWZShareSDKDemo/Extend;
			sourceTree = "<group>";
		};
		E9F55A6518FFBF5300A5E0E4 /* QQConnectSDK */ = {
			isa = PBXGroup;
			children = (
				E9B65F4A19066BD30040DD08 /* libTencentOpenAPI.a */,
				E9B65F4B19066BD30040DD08 /* QQApi.h */,
				E9B65F4C19066BD30040DD08 /* QQApiInterface.h */,
				E9B65F4D19066BD30040DD08 /* QQApiInterfaceObject.h */,
				E9B65F4E19066BD30040DD08 /* sdkdef.h */,
				E9B65F4F19066BD30040DD08 /* TencentApiInterface.h */,
				E9B65F5019066BD30040DD08 /* TencentMessageObject.h */,
				E9B65F5119066BD30040DD08 /* TencentOAuth.h */,
				E9B65F5219066BD30040DD08 /* TencentOAuthObject.h */,
				E9B65F5319066BD30040DD08 /* QQWeiBoAPI.h */,
				E9B65F5419066BD30040DD08 /* WeiyunAPI.h */,
				E9F55A6718FFBF5300A5E0E4 /* TencentOpenApi_IOS_Bundle.bundle */,
			);
			path = QQConnectSDK;
			sourceTree = "<group>";
		};
		E9F55A6818FFBF5300A5E0E4 /* SinaWeiboSDK */ = {
			isa = PBXGroup;
			children = (
				E9F55AC119022B3C00A5E0E4 /* libWeiboSDK.a */,
				E9F55A6A18FFBF5300A5E0E4 /* WeiboSDK.bundle */,
				E9F55A6B18FFBF5300A5E0E4 /* WeiboSDK.h */,
			);
			path = SinaWeiboSDK;
			sourceTree = "<group>";
		};
		E9F55A6F18FFBF5300A5E0E4 /* WeChatSDK */ = {
			isa = PBXGroup;
			children = (
				E9F55A7018FFBF5300A5E0E4 /* libWeChatSDK.a */,
				E9F55A7118FFBF5300A5E0E4 /* WXApi.h */,
				E9F55A7218FFBF5300A5E0E4 /* WXApiObject.h */,
			);
			path = WeChatSDK;
			sourceTree = "<group>";
		};
		E9F55A7C18FFBF8C00A5E0E4 /* Core */ = {
			isa = PBXGroup;
			children = (
				E9F55B3C190605C200A5E0E4 /* DWZShareSDKTypeDef.h */,
				E9F55A7918FFBF8600A5E0E4 /* DWZShareKit.h */,
				E9F55A7A18FFBF8600A5E0E4 /* DWZShareKit.m */,
				E9E031451985F64B0017AEE2 /* DWZCustomShareObject.h */,
				E9E031461985F64B0017AEE2 /* DWZCustomShareObject.m */,
				E9F55B3D19060AF300A5E0E4 /* DWZShareContent.h */,
				E9F55B3E19060AF300A5E0E4 /* DWZShareContent.m */,
				E9F55B331905199000A5E0E4 /* DWZSocialView.h */,
				E9F55B341905199000A5E0E4 /* DWZSocialView.m */,
				E9F55A7D19010FAB00A5E0E4 /* DWZShareViewController.h */,
				E9F55A7E19010FAB00A5E0E4 /* DWZShareViewController.m */,
				E92302EC199D9EF50054FC86 /* DWZImageHandle.h */,
				E92302ED199D9EF50054FC86 /* DWZImageHandle.m */,
			);
			name = Core;
			sourceTree = "<group>";
		};
/* End PBXGroup section */

/* Begin PBXNativeTarget section */
		E9F55A2B18FFBE3500A5E0E4 /* DWZShareSDKDemo */ = {
			isa = PBXNativeTarget;
			buildConfigurationList = E9F55A5E18FFBE3500A5E0E4 /* Build configuration list for PBXNativeTarget "DWZShareSDKDemo" */;
			buildPhases = (
				E9F55A2818FFBE3500A5E0E4 /* Sources */,
				E9F55A2918FFBE3500A5E0E4 /* Frameworks */,
				E9F55A2A18FFBE3500A5E0E4 /* Resources */,
			);
			buildRules = (
			);
			dependencies = (
			);
			name = DWZShareSDKDemo;
			productName = DWZShareSDKDemo;
			productReference = E9F55A2C18FFBE3500A5E0E4 /* DWZShareSDKDemo.app */;
			productType = "com.apple.product-type.application";
		};
		E9F55A4C18FFBE3500A5E0E4 /* DWZShareSDKDemoTests */ = {
			isa = PBXNativeTarget;
			buildConfigurationList = E9F55A6118FFBE3500A5E0E4 /* Build configuration list for PBXNativeTarget "DWZShareSDKDemoTests" */;
			buildPhases = (
				E9F55A4918FFBE3500A5E0E4 /* Sources */,
				E9F55A4A18FFBE3500A5E0E4 /* Frameworks */,
				E9F55A4B18FFBE3500A5E0E4 /* Resources */,
			);
			buildRules = (
			);
			dependencies = (
				E9F55A5318FFBE3500A5E0E4 /* PBXTargetDependency */,
			);
			name = DWZShareSDKDemoTests;
			productName = DWZShareSDKDemoTests;
			productReference = E9F55A4D18FFBE3500A5E0E4 /* DWZShareSDKDemoTests.xctest */;
			productType = "com.apple.product-type.bundle.unit-test";
		};
/* End PBXNativeTarget section */

/* Begin PBXProject section */
		E9F55A2418FFBE3500A5E0E4 /* Project object */ = {
			isa = PBXProject;
			attributes = {
				CLASSPREFIX = DWZ;
				LastUpgradeCheck = 0510;
				ORGANIZATIONNAME = lerosua;
				TargetAttributes = {
					E9F55A4C18FFBE3500A5E0E4 = {
						TestTargetID = E9F55A2B18FFBE3500A5E0E4;
					};
				};
			};
			buildConfigurationList = E9F55A2718FFBE3500A5E0E4 /* Build configuration list for PBXProject "DWZShareSDKDemo" */;
			compatibilityVersion = "Xcode 3.2";
			developmentRegion = English;
			hasScannedForEncodings = 0;
			knownRegions = (
				en,
				Base,
			);
			mainGroup = E9F55A2318FFBE3500A5E0E4;
			productRefGroup = E9F55A2D18FFBE3500A5E0E4 /* Products */;
			projectDirPath = "";
			projectRoot = "";
			targets = (
				E9F55A2B18FFBE3500A5E0E4 /* DWZShareSDKDemo */,
				E9F55A4C18FFBE3500A5E0E4 /* DWZShareSDKDemoTests */,
			);
		};
/* End PBXProject section */

/* Begin PBXResourcesBuildPhase section */
		E9F55A2A18FFBE3500A5E0E4 /* Resources */ = {
			isa = PBXResourcesBuildPhase;
			buildActionMask = 2147483647;
			files = (
				E9F55A7418FFBF5300A5E0E4 /* TencentOpenApi_IOS_Bundle.bundle in Resources */,
				E9F55A4818FFBE3500A5E0E4 /* Images.xcassets in Resources */,
				E9F55A7618FFBF5300A5E0E4 /* WeiboSDK.bundle in Resources */,
				E9F55A3A18FFBE3500A5E0E4 /* InfoPlist.strings in Resources */,
				E9F55B3719051E8C00A5E0E4 /* Media.xcassets in Resources */,
				E9F55A4318FFBE3500A5E0E4 /* Main.storyboard in Resources */,
			);
			runOnlyForDeploymentPostprocessing = 0;
		};
		E9F55A4B18FFBE3500A5E0E4 /* Resources */ = {
			isa = PBXResourcesBuildPhase;
			buildActionMask = 2147483647;
			files = (
				E9F55A5918FFBE3500A5E0E4 /* InfoPlist.strings in Resources */,
			);
			runOnlyForDeploymentPostprocessing = 0;
		};
/* End PBXResourcesBuildPhase section */

/* Begin PBXSourcesBuildPhase section */
		E9F55A2818FFBE3500A5E0E4 /* Sources */ = {
			isa = PBXSourcesBuildPhase;
			buildActionMask = 2147483647;
			files = (
				E9F55A4618FFBE3500A5E0E4 /* DWZViewController.m in Sources */,
				E92302EE199D9EF50054FC86 /* DWZImageHandle.m in Sources */,
				E9F55A4018FFBE3500A5E0E4 /* DWZAppDelegate.m in Sources */,
				E9E031471985F64B0017AEE2 /* DWZCustomShareObject.m in Sources */,
				E9F55A7B18FFBF8600A5E0E4 /* DWZShareKit.m in Sources */,
				E9F55A3C18FFBE3500A5E0E4 /* main.M in Sources */,
				E9F55A7F19010FAB00A5E0E4 /* DWZShareViewController.m in Sources */,
				E9F55B351905199000A5E0E4 /* DWZSocialView.m in Sources */,
				E9F55B3F19060AF300A5E0E4 /* DWZShareContent.m in Sources */,
			);
			runOnlyForDeploymentPostprocessing = 0;
		};
		E9F55A4918FFBE3500A5E0E4 /* Sources */ = {
			isa = PBXSourcesBuildPhase;
			buildActionMask = 2147483647;
			files = (
				E9F55A5B18FFBE3500A5E0E4 /* DWZShareSDKDemoTests.m in Sources */,
			);
			runOnlyForDeploymentPostprocessing = 0;
		};
/* End PBXSourcesBuildPhase section */

/* Begin PBXTargetDependency section */
		E9F55A5318FFBE3500A5E0E4 /* PBXTargetDependency */ = {
			isa = PBXTargetDependency;
			target = E9F55A2B18FFBE3500A5E0E4 /* DWZShareSDKDemo */;
			targetProxy = E9F55A5218FFBE3500A5E0E4 /* PBXContainerItemProxy */;
		};
/* End PBXTargetDependency section */

/* Begin PBXVariantGroup section */
		E9F55A3818FFBE3500A5E0E4 /* InfoPlist.strings */ = {
			isa = PBXVariantGroup;
			children = (
				E9F55A3918FFBE3500A5E0E4 /* en */,
			);
			name = InfoPlist.strings;
			sourceTree = "<group>";
		};
		E9F55A4118FFBE3500A5E0E4 /* Main.storyboard */ = {
			isa = PBXVariantGroup;
			children = (
				E9F55A4218FFBE3500A5E0E4 /* Base */,
			);
			name = Main.storyboard;
			sourceTree = "<group>";
		};
		E9F55A5718FFBE3500A5E0E4 /* InfoPlist.strings */ = {
			isa = PBXVariantGroup;
			children = (
				E9F55A5818FFBE3500A5E0E4 /* en */,
			);
			name = InfoPlist.strings;
			sourceTree = "<group>";
		};
/* End PBXVariantGroup section */

/* Begin XCBuildConfiguration section */
		E9F55A5C18FFBE3500A5E0E4 /* Debug */ = {
			isa = XCBuildConfiguration;
			buildSettings = {
				ALWAYS_SEARCH_USER_PATHS = NO;
				CLANG_CXX_LANGUAGE_STANDARD = "gnu++0x";
				CLANG_CXX_LIBRARY = "libc++";
				CLANG_ENABLE_MODULES = YES;
				CLANG_ENABLE_OBJC_ARC = YES;
				CLANG_WARN_BOOL_CONVERSION = YES;
				CLANG_WARN_CONSTANT_CONVERSION = YES;
				CLANG_WARN_DIRECT_OBJC_ISA_USAGE = YES_ERROR;
				CLANG_WARN_EMPTY_BODY = YES;
				CLANG_WARN_ENUM_CONVERSION = YES;
				CLANG_WARN_INT_CONVERSION = YES;
				CLANG_WARN_OBJC_ROOT_CLASS = YES_ERROR;
				CLANG_WARN__DUPLICATE_METHOD_MATCH = YES;
				"CODE_SIGN_IDENTITY[sdk=iphoneos*]" = "iPhone Developer";
				COPY_PHASE_STRIP = NO;
				GCC_C_LANGUAGE_STANDARD = gnu99;
				GCC_DYNAMIC_NO_PIC = NO;
				GCC_OPTIMIZATION_LEVEL = 0;
				GCC_PREPROCESSOR_DEFINITIONS = (
					"DEBUG=1",
					"$(inherited)",
				);
				GCC_SYMBOLS_PRIVATE_EXTERN = NO;
				GCC_WARN_64_TO_32_BIT_CONVERSION = YES;
				GCC_WARN_ABOUT_RETURN_TYPE = YES_ERROR;
				GCC_WARN_UNDECLARED_SELECTOR = YES;
				GCC_WARN_UNINITIALIZED_AUTOS = YES_AGGRESSIVE;
				GCC_WARN_UNUSED_FUNCTION = YES;
				GCC_WARN_UNUSED_VARIABLE = YES;
				IPHONEOS_DEPLOYMENT_TARGET = 6.0;
				ONLY_ACTIVE_ARCH = YES;
				OTHER_LDFLAGS = "";
				SDKROOT = iphoneos;
			};
			name = Debug;
		};
		E9F55A5D18FFBE3500A5E0E4 /* Release */ = {
			isa = XCBuildConfiguration;
			buildSettings = {
				ALWAYS_SEARCH_USER_PATHS = NO;
				CLANG_CXX_LANGUAGE_STANDARD = "gnu++0x";
				CLANG_CXX_LIBRARY = "libc++";
				CLANG_ENABLE_MODULES = YES;
				CLANG_ENABLE_OBJC_ARC = YES;
				CLANG_WARN_BOOL_CONVERSION = YES;
				CLANG_WARN_CONSTANT_CONVERSION = YES;
				CLANG_WARN_DIRECT_OBJC_ISA_USAGE = YES_ERROR;
				CLANG_WARN_EMPTY_BODY = YES;
				CLANG_WARN_ENUM_CONVERSION = YES;
				CLANG_WARN_INT_CONVERSION = YES;
				CLANG_WARN_OBJC_ROOT_CLASS = YES_ERROR;
				CLANG_WARN__DUPLICATE_METHOD_MATCH = YES;
				"CODE_SIGN_IDENTITY[sdk=iphoneos*]" = "iPhone Developer";
				COPY_PHASE_STRIP = YES;
				ENABLE_NS_ASSERTIONS = NO;
				GCC_C_LANGUAGE_STANDARD = gnu99;
				GCC_WARN_64_TO_32_BIT_CONVERSION = YES;
				GCC_WARN_ABOUT_RETURN_TYPE = YES_ERROR;
				GCC_WARN_UNDECLARED_SELECTOR = YES;
				GCC_WARN_UNINITIALIZED_AUTOS = YES_AGGRESSIVE;
				GCC_WARN_UNUSED_FUNCTION = YES;
				GCC_WARN_UNUSED_VARIABLE = YES;
				IPHONEOS_DEPLOYMENT_TARGET = 6.0;
				OTHER_LDFLAGS = "";
				SDKROOT = iphoneos;
				VALIDATE_PRODUCT = YES;
			};
			name = Release;
		};
		E9F55A5F18FFBE3500A5E0E4 /* Debug */ = {
			isa = XCBuildConfiguration;
			buildSettings = {
				ARCHS = "$(ARCHS_STANDARD_32_BIT)";
				ASSETCATALOG_COMPILER_APPICON_NAME = AppIcon;
				ASSETCATALOG_COMPILER_LAUNCHIMAGE_NAME = LaunchImage;
				FRAMEWORK_SEARCH_PATHS = (
					"$(inherited)",
					"$(PROJECT_DIR)/DWZShareSDKDemo/Extend/QQConnectSDK",
				);
				GCC_PRECOMPILE_PREFIX_HEADER = YES;
				GCC_PREFIX_HEADER = "DWZShareSDKDemo/DWZShareSDKDemo-Prefix.pch";
				INFOPLIST_FILE = "DWZShareSDKDemo/DWZShareSDKDemo-Info.plist";
				IPHONEOS_DEPLOYMENT_TARGET = 6.0;
				LIBRARY_SEARCH_PATHS = (
					"$(inherited)",
					"$(PROJECT_DIR)/DWZShareSDKDemo/Extend/SinaWeiboSDK",
					"$(PROJECT_DIR)/DWZShareSDKDemo/Extend/TencentWeiboSDK",
					"$(PROJECT_DIR)/DWZShareSDKDemo/Extend/WeChatSDK",
					"$(PROJECT_DIR)/DWZShareSDKDemo/Extend/QQConnectSDK",
				);
				PRODUCT_NAME = "$(TARGET_NAME)";
				WRAPPER_EXTENSION = app;
			};
			name = Debug;
		};
		E9F55A6018FFBE3500A5E0E4 /* Release */ = {
			isa = XCBuildConfiguration;
			buildSettings = {
				ARCHS = "$(ARCHS_STANDARD_32_BIT)";
				ASSETCATALOG_COMPILER_APPICON_NAME = AppIcon;
				ASSETCATALOG_COMPILER_LAUNCHIMAGE_NAME = LaunchImage;
				FRAMEWORK_SEARCH_PATHS = (
					"$(inherited)",
					"$(PROJECT_DIR)/DWZShareSDKDemo/Extend/QQConnectSDK",
				);
				GCC_PRECOMPILE_PREFIX_HEADER = YES;
				GCC_PREFIX_HEADER = "DWZShareSDKDemo/DWZShareSDKDemo-Prefix.pch";
				INFOPLIST_FILE = "DWZShareSDKDemo/DWZShareSDKDemo-Info.plist";
				IPHONEOS_DEPLOYMENT_TARGET = 6.0;
				LIBRARY_SEARCH_PATHS = (
					"$(inherited)",
					"$(PROJECT_DIR)/DWZShareSDKDemo/Extend/SinaWeiboSDK",
					"$(PROJECT_DIR)/DWZShareSDKDemo/Extend/TencentWeiboSDK",
					"$(PROJECT_DIR)/DWZShareSDKDemo/Extend/WeChatSDK",
					"$(PROJECT_DIR)/DWZShareSDKDemo/Extend/QQConnectSDK",
				);
				PRODUCT_NAME = "$(TARGET_NAME)";
				WRAPPER_EXTENSION = app;
			};
			name = Release;
		};
		E9F55A6218FFBE3500A5E0E4 /* Debug */ = {
			isa = XCBuildConfiguration;
			buildSettings = {
				BUNDLE_LOADER = "$(BUILT_PRODUCTS_DIR)/DWZShareSDKDemo.app/DWZShareSDKDemo";
				FRAMEWORK_SEARCH_PATHS = (
					"$(SDKROOT)/Developer/Library/Frameworks",
					"$(inherited)",
					"$(DEVELOPER_FRAMEWORKS_DIR)",
				);
				GCC_PRECOMPILE_PREFIX_HEADER = YES;
				GCC_PREFIX_HEADER = "DWZShareSDKDemo/DWZShareSDKDemo-Prefix.pch";
				GCC_PREPROCESSOR_DEFINITIONS = (
					"DEBUG=1",
					"$(inherited)",
				);
				INFOPLIST_FILE = "DWZShareSDKDemoTests/DWZShareSDKDemoTests-Info.plist";
				PRODUCT_NAME = "$(TARGET_NAME)";
				TEST_HOST = "$(BUNDLE_LOADER)";
				WRAPPER_EXTENSION = xctest;
			};
			name = Debug;
		};
		E9F55A6318FFBE3500A5E0E4 /* Release */ = {
			isa = XCBuildConfiguration;
			buildSettings = {
				BUNDLE_LOADER = "$(BUILT_PRODUCTS_DIR)/DWZShareSDKDemo.app/DWZShareSDKDemo";
				FRAMEWORK_SEARCH_PATHS = (
					"$(SDKROOT)/Developer/Library/Frameworks",
					"$(inherited)",
					"$(DEVELOPER_FRAMEWORKS_DIR)",
				);
				GCC_PRECOMPILE_PREFIX_HEADER = YES;
				GCC_PREFIX_HEADER = "DWZShareSDKDemo/DWZShareSDKDemo-Prefix.pch";
				INFOPLIST_FILE = "DWZShareSDKDemoTests/DWZShareSDKDemoTests-Info.plist";
				PRODUCT_NAME = "$(TARGET_NAME)";
				TEST_HOST = "$(BUNDLE_LOADER)";
				WRAPPER_EXTENSION = xctest;
			};
			name = Release;
		};
/* End XCBuildConfiguration section */

/* Begin XCConfigurationList section */
		E9F55A2718FFBE3500A5E0E4 /* Build configuration list for PBXProject "DWZShareSDKDemo" */ = {
			isa = XCConfigurationList;
			buildConfigurations = (
				E9F55A5C18FFBE3500A5E0E4 /* Debug */,
				E9F55A5D18FFBE3500A5E0E4 /* Release */,
			);
			defaultConfigurationIsVisible = 0;
			defaultConfigurationName = Release;
		};
		E9F55A5E18FFBE3500A5E0E4 /* Build configuration list for PBXNativeTarget "DWZShareSDKDemo" */ = {
			isa = XCConfigurationList;
			buildConfigurations = (
				E9F55A5F18FFBE3500A5E0E4 /* Debug */,
				E9F55A6018FFBE3500A5E0E4 /* Release */,
			);
			defaultConfigurationIsVisible = 0;
			defaultConfigurationName = Release;
		};
		E9F55A6118FFBE3500A5E0E4 /* Build configuration list for PBXNativeTarget "DWZShareSDKDemoTests" */ = {
			isa = XCConfigurationList;
			buildConfigurations = (
				E9F55A6218FFBE3500A5E0E4 /* Debug */,
				E9F55A6318FFBE3500A5E0E4 /* Release */,
			);
			defaultConfigurationIsVisible = 0;
			defaultConfigurationName = Release;
		};
/* End XCConfigurationList section */
	};
	rootObject = E9F55A2418FFBE3500A5E0E4 /* Project object */;
}
